
Microsoft Visual Studio Solution File, Format Version 12.00
# Visual Studio Version 16
VisualStudioVersion = 16.0.34931.43
MinimumVisualStudioVersion = 10.0.40219.1
Project("{FAE04EC0-301F-11D3-BF4B-00C04F79EFBC}") = "DailyReportAssignment.cs", "DailyReportAssignment.cs.\DailyReportAssignment.cs.csproj", "{8A36E5AE-A3A9-41AC-938D-CF2D7BDBC9CC}"
EndProject
Global
	GlobalSection(SolutionConfigurationPlatforms) = preSolution
		Debug|Any CPU = Debug|Any CPU
		Release|Any CPU = Release|Any CPU
	EndGlobalSection
	GlobalSection(ProjectConfigurationPlatforms) = postSolution
		{8A36E5AE-A3A9-41AC-938D-CF2D7BDBC9CC}.Debug|Any CPU.ActiveCfg = Debug|Any CPU
		{8A36E5AE-A3A9-41AC-938D-CF2D7BDBC9CC}.Debug|Any CPU.Build.0 = Debug|Any CPU
		{8A36E5AE-A3A9-41AC-938D-CF2D7BDBC9CC}.Release|Any CPU.ActiveCfg = Release|Any CPU
		{8A36E5AE-A3A9-41AC-938D-CF2D7BDBC9CC}.Release|Any CPU.Build.0 = Release|Any CPU
	EndGlobalSection
	GlobalSection(SolutionProperties) = preSolution
		HideSolutionNode = FALSE
	EndGlobalSection
	GlobalSection(ExtensibilityGlobals) = postSolution
		SolutionGuid = {6D805BA3-70EB-4B54-8EE8-DCFF34660723}
	EndGlobalSection
EndGlobal
